// !$*UTF8*$!
{
	archiveVersion = 1;
	classes = {
	};
	objectVersion = 46;
	objects = {

/* Begin PBXBuildFile section */
		9B202F9F162EB05C002D859C /* json.txt in Resources */ = {isa = PBXBuildFile; fileRef = 9B202F9E162EB05C002D859C /* json.txt */; };
		9B202FA3162EB0F7002D859C /* HKRestaurant.m in Sources */ = {isa = PBXBuildFile; fileRef = 9B202FA2162EB0F7002D859C /* HKRestaurant.m */; };
		9B202FA6162EB12A002D859C /* HKFoodCat.m in Sources */ = {isa = PBXBuildFile; fileRef = 9B202FA5162EB12A002D859C /* HKFoodCat.m */; };
		9B202FA9162EB138002D859C /* HKFood.m in Sources */ = {isa = PBXBuildFile; fileRef = 9B202FA8162EB138002D859C /* HKFood.m */; };
		9B202FAC162EB14D002D859C /* HKRestaurantMenu.m in Sources */ = {isa = PBXBuildFile; fileRef = 9B202FAB162EB14D002D859C /* HKRestaurantMenu.m */; };
		9B202FAF162EB15C002D859C /* HKFoodPrice.m in Sources */ = {isa = PBXBuildFile; fileRef = 9B202FAE162EB15C002D859C /* HKFoodPrice.m */; };
		9B202FB7162EC411002D859C /* JSONKit.m in Sources */ = {isa = PBXBuildFile; fileRef = 9B202FB6162EC411002D859C /* JSONKit.m */; settings = {COMPILER_FLAGS = "-fno-objc-arc"; }; };
		9B202FBA162EE09B002D859C /* HKJsonTest.m in Sources */ = {isa = PBXBuildFile; fileRef = 9B202FB9162EE09A002D859C /* HKJsonTest.m */; };
		9BDCD41B162FA55F0038C05F /* HKObj.m in Sources */ = {isa = PBXBuildFile; fileRef = 9BDCD41A162FA55F0038C05F /* HKObj.m */; };
		9BF54D13162C228F00DB562D /* UIKit.framework in Frameworks */ = {isa = PBXBuildFile; fileRef = 9BF54D12162C228F00DB562D /* UIKit.framework */; };
		9BF54D15162C228F00DB562D /* Foundation.framework in Frameworks */ = {isa = PBXBuildFile; fileRef = 9BF54D14162C228F00DB562D /* Foundation.framework */; };
		9BF54D17162C228F00DB562D /* CoreGraphics.framework in Frameworks */ = {isa = PBXBuildFile; fileRef = 9BF54D16162C228F00DB562D /* CoreGraphics.framework */; };
		9BF54D1D162C228F00DB562D /* InfoPlist.strings in Resources */ = {isa = PBXBuildFile; fileRef = 9BF54D1B162C228F00DB562D /* InfoPlist.strings */; };
		9BF54D1F162C228F00DB562D /* main.m in Sources */ = {isa = PBXBuildFile; fileRef = 9BF54D1E162C228F00DB562D /* main.m */; };
		9BF54D23162C228F00DB562D /* HKAppDelegate.m in Sources */ = {isa = PBXBuildFile; fileRef = 9BF54D22162C228F00DB562D /* HKAppDelegate.m */; };
		9BF54D25162C228F00DB562D /* Default.png in Resources */ = {isa = PBXBuildFile; fileRef = 9BF54D24162C228F00DB562D /* Default.png */; };
		9BF54D27162C228F00DB562D /* Default@2x.png in Resources */ = {isa = PBXBuildFile; fileRef = 9BF54D26162C228F00DB562D /* Default@2x.png */; };
		9BF54D29162C228F00DB562D /* Default-568h@2x.png in Resources */ = {isa = PBXBuildFile; fileRef = 9BF54D28162C228F00DB562D /* Default-568h@2x.png */; };
		9BF54D2C162C228F00DB562D /* HKViewController.m in Sources */ = {isa = PBXBuildFile; fileRef = 9BF54D2B162C228F00DB562D /* HKViewController.m */; };
		9BF54D2F162C228F00DB562D /* HKViewController.xib in Resources */ = {isa = PBXBuildFile; fileRef = 9BF54D2D162C228F00DB562D /* HKViewController.xib */; };
		9BF54D37162C23F400DB562D /* HKJSONEx.m in Sources */ = {isa = PBXBuildFile; fileRef = 9BF54D36162C23F400DB562D /* HKJSONEx.m */; };
/* End PBXBuildFile section */

/* Begin PBXFileReference section */
		9B202F9E162EB05C002D859C /* json.txt */ = {isa = PBXFileReference; fileEncoding = 4; lastKnownFileType = text; path = json.txt; sourceTree = "<group>"; };
		9B202FA1162EB0F7002D859C /* HKRestaurant.h */ = {isa = PBXFileReference; fileEncoding = 4; lastKnownFileType = sourcecode.c.h; path = HKRestaurant.h; sourceTree = "<group>"; };
		9B202FA2162EB0F7002D859C /* HKRestaurant.m */ = {isa = PBXFileReference; fileEncoding = 4; lastKnownFileType = sourcecode.c.objc; path = HKRestaurant.m; sourceTree = "<group>"; };
		9B202FA4162EB12A002D859C /* HKFoodCat.h */ = {isa = PBXFileReference; fileEncoding = 4; lastKnownFileType = sourcecode.c.h; path = HKFoodCat.h; sourceTree = "<group>"; };
		9B202FA5162EB12A002D859C /* HKFoodCat.m */ = {isa = PBXFileReference; fileEncoding = 4; lastKnownFileType = sourcecode.c.objc; path = HKFoodCat.m; sourceTree = "<group>"; };
		9B202FA7162EB138002D859C /* HKFood.h */ = {isa = PBXFileReference; fileEncoding = 4; lastKnownFileType = sourcecode.c.h; path = HKFood.h; sourceTree = "<group>"; };
		9B202FA8162EB138002D859C /* HKFood.m */ = {isa = PBXFileReference; fileEncoding = 4; lastKnownFileType = sourcecode.c.objc; path = HKFood.m; sourceTree = "<group>"; };
		9B202FAA162EB14D002D859C /* HKRestaurantMenu.h */ = {isa = PBXFileReference; fileEncoding = 4; lastKnownFileType = sourcecode.c.h; path = HKRestaurantMenu.h; sourceTree = "<group>"; };
		9B202FAB162EB14D002D859C /* HKRestaurantMenu.m */ = {isa = PBXFileReference; fileEncoding = 4; lastKnownFileType = sourcecode.c.objc; path = HKRestaurantMenu.m; sourceTree = "<group>"; };
		9B202FAD162EB15C002D859C /* HKFoodPrice.h */ = {isa = PBXFileReference; fileEncoding = 4; lastKnownFileType = sourcecode.c.h; path = HKFoodPrice.h; sourceTree = "<group>"; };
		9B202FAE162EB15C002D859C /* HKFoodPrice.m */ = {isa = PBXFileReference; fileEncoding = 4; lastKnownFileType = sourcecode.c.objc; path = HKFoodPrice.m; sourceTree = "<group>"; };
		9B202FB5162EC411002D859C /* JSONKit.h */ = {isa = PBXFileReference; fileEncoding = 4; lastKnownFileType = sourcecode.c.h; path = JSONKit.h; sourceTree = "<group>"; };
		9B202FB6162EC411002D859C /* JSONKit.m */ = {isa = PBXFileReference; fileEncoding = 4; lastKnownFileType = sourcecode.c.objc; path = JSONKit.m; sourceTree = "<group>"; };
		9B202FB8162EE09A002D859C /* HKJsonTest.h */ = {isa = PBXFileReference; fileEncoding = 4; lastKnownFileType = sourcecode.c.h; path = HKJsonTest.h; sourceTree = "<group>"; };
		9B202FB9162EE09A002D859C /* HKJsonTest.m */ = {isa = PBXFileReference; fileEncoding = 4; lastKnownFileType = sourcecode.c.objc; path = HKJsonTest.m; sourceTree = "<group>"; };
		9BDCD419162FA55F0038C05F /* HKObj.h */ = {isa = PBXFileReference; fileEncoding = 4; lastKnownFileType = sourcecode.c.h; path = HKObj.h; sourceTree = "<group>"; };
		9BDCD41A162FA55F0038C05F /* HKObj.m */ = {isa = PBXFileReference; fileEncoding = 4; lastKnownFileType = sourcecode.c.objc; path = HKObj.m; sourceTree = "<group>"; };
		9BF54D0E162C228F00DB562D /* HKJSONKitEx.app */ = {isa = PBXFileReference; explicitFileType = wrapper.application; includeInIndex = 0; path = HKJSONKitEx.app; sourceTree = BUILT_PRODUCTS_DIR; };
		9BF54D12162C228F00DB562D /* UIKit.framework */ = {isa = PBXFileReference; lastKnownFileType = wrapper.framework; name = UIKit.framework; path = System/Library/Frameworks/UIKit.framework; sourceTree = SDKROOT; };
		9BF54D14162C228F00DB562D /* Foundation.framework */ = {isa = PBXFileReference; lastKnownFileType = wrapper.framework; name = Foundation.framework; path = System/Library/Frameworks/Foundation.framework; sourceTree = SDKROOT; };
		9BF54D16162C228F00DB562D /* CoreGraphics.framework */ = {isa = PBXFileReference; lastKnownFileType = wrapper.framework; name = CoreGraphics.framework; path = System/Library/Frameworks/CoreGraphics.framework; sourceTree = SDKROOT; };
		9BF54D1A162C228F00DB562D /* HKJSONKitEx-Info.plist */ = {isa = PBXFileReference; lastKnownFileType = text.plist.xml; path = "HKJSONKitEx-Info.plist"; sourceTree = "<group>"; };
		9BF54D1C162C228F00DB562D /* en */ = {isa = PBXFileReference; lastKnownFileType = text.plist.strings; name = en; path = en.lproj/InfoPlist.strings; sourceTree = "<group>"; };
		9BF54D1E162C228F00DB562D /* main.m */ = {isa = PBXFileReference; lastKnownFileType = sourcecode.c.objc; path = main.m; sourceTree = "<group>"; };
		9BF54D20162C228F00DB562D /* HKJSONKitEx-Prefix.pch */ = {isa = PBXFileReference; lastKnownFileType = sourcecode.c.h; path = "HKJSONKitEx-Prefix.pch"; sourceTree = "<group>"; };
		9BF54D21162C228F00DB562D /* HKAppDelegate.h */ = {isa = PBXFileReference; lastKnownFileType = sourcecode.c.h; path = HKAppDelegate.h; sourceTree = "<group>"; };
		9BF54D22162C228F00DB562D /* HKAppDelegate.m */ = {isa = PBXFileReference; lastKnownFileType = sourcecode.c.objc; path = HKAppDelegate.m; sourceTree = "<group>"; };
		9BF54D24162C228F00DB562D /* Default.png */ = {isa = PBXFileReference; lastKnownFileType = image.png; path = Default.png; sourceTree = "<group>"; };
		9BF54D26162C228F00DB562D /* Default@2x.png */ = {isa = PBXFileReference; lastKnownFileType = image.png; path = "Default@2x.png"; sourceTree = "<group>"; };
		9BF54D28162C228F00DB562D /* Default-568h@2x.png */ = {isa = PBXFileReference; lastKnownFileType = image.png; path = "Default-568h@2x.png"; sourceTree = "<group>"; };
		9BF54D2A162C228F00DB562D /* HKViewController.h */ = {isa = PBXFileReference; lastKnownFileType = sourcecode.c.h; path = HKViewController.h; sourceTree = "<group>"; };
		9BF54D2B162C228F00DB562D /* HKViewController.m */ = {isa = PBXFileReference; lastKnownFileType = sourcecode.c.objc; path = HKViewController.m; sourceTree = "<group>"; };
		9BF54D2E162C228F00DB562D /* en */ = {isa = PBXFileReference; lastKnownFileType = file.xib; name = en; path = en.lproj/HKViewController.xib; sourceTree = "<group>"; };
		9BF54D35162C23F400DB562D /* HKJSONEx.h */ = {isa = PBXFileReference; fileEncoding = 4; lastKnownFileType = sourcecode.c.h; path = HKJSONEx.h; sourceTree = "<group>"; };
		9BF54D36162C23F400DB562D /* HKJSONEx.m */ = {isa = PBXFileReference; fileEncoding = 4; lastKnownFileType = sourcecode.c.objc; path = HKJSONEx.m; sourceTree = "<group>"; };
/* End PBXFileReference section */

/* Begin PBXFrameworksBuildPhase section */
		9BF54D0B162C228F00DB562D /* Frameworks */ = {
			isa = PBXFrameworksBuildPhase;
			buildActionMask = 2147483647;
			files = (
				9BF54D13162C228F00DB562D /* UIKit.framework in Frameworks */,
				9BF54D15162C228F00DB562D /* Foundation.framework in Frameworks */,
				9BF54D17162C228F00DB562D /* CoreGraphics.framework in Frameworks */,
			);
			runOnlyForDeploymentPostprocessing = 0;
		};
/* End PBXFrameworksBuildPhase section */

/* Begin PBXGroup section */
		9B202FB4162EC411002D859C /* jsonkit */ = {
			isa = PBXGroup;
			children = (
				9B202FB5162EC411002D859C /* JSONKit.h */,
				9B202FB6162EC411002D859C /* JSONKit.m */,
			);
			path = jsonkit;
			sourceTree = "<group>";
		};
		9BF54D03162C228F00DB562D = {
			isa = PBXGroup;
			children = (
				9BF54D18162C228F00DB562D /* HKJSONKitEx */,
				9BF54D11162C228F00DB562D /* Frameworks */,
				9BF54D0F162C228F00DB562D /* Products */,
			);
			sourceTree = "<group>";
		};
		9BF54D0F162C228F00DB562D /* Products */ = {
			isa = PBXGroup;
			children = (
				9BF54D0E162C228F00DB562D /* HKJSONKitEx.app */,
			);
			name = Products;
			sourceTree = "<group>";
		};
		9BF54D11162C228F00DB562D /* Frameworks */ = {
			isa = PBXGroup;
			children = (
				9BF54D12162C228F00DB562D /* UIKit.framework */,
				9BF54D14162C228F00DB562D /* Foundation.framework */,
				9BF54D16162C228F00DB562D /* CoreGraphics.framework */,
			);
			name = Frameworks;
			sourceTree = "<group>";
		};
		9BF54D18162C228F00DB562D /* HKJSONKitEx */ = {
			isa = PBXGroup;
			children = (
				9B202FB4162EC411002D859C /* jsonkit */,
				9BF54D21162C228F00DB562D /* HKAppDelegate.h */,
				9BF54D22162C228F00DB562D /* HKAppDelegate.m */,
				9BF54D2A162C228F00DB562D /* HKViewController.h */,
				9BF54D2B162C228F00DB562D /* HKViewController.m */,
				9BF54D2D162C228F00DB562D /* HKViewController.xib */,
				9BF54D19162C228F00DB562D /* Supporting Files */,
				9BF54D35162C23F400DB562D /* HKJSONEx.h */,
				9BF54D36162C23F400DB562D /* HKJSONEx.m */,
				9B202F9E162EB05C002D859C /* json.txt */,
				9B202FA1162EB0F7002D859C /* HKRestaurant.h */,
				9B202FA2162EB0F7002D859C /* HKRestaurant.m */,
				9B202FA4162EB12A002D859C /* HKFoodCat.h */,
				9B202FA5162EB12A002D859C /* HKFoodCat.m */,
				9B202FA7162EB138002D859C /* HKFood.h */,
				9B202FA8162EB138002D859C /* HKFood.m */,
				9B202FAA162EB14D002D859C /* HKRestaurantMenu.h */,
				9B202FAB162EB14D002D859C /* HKRestaurantMenu.m */,
				9B202FAD162EB15C002D859C /* HKFoodPrice.h */,
				9B202FAE162EB15C002D859C /* HKFoodPrice.m */,
				9B202FB8162EE09A002D859C /* HKJsonTest.h */,
				9B202FB9162EE09A002D859C /* HKJsonTest.m */,
				9BDCD419162FA55F0038C05F /* HKObj.h */,
				9BDCD41A162FA55F0038C05F /* HKObj.m */,
			);
			path = HKJSONKitEx;
			sourceTree = "<group>";
		};
		9BF54D19162C228F00DB562D /* Supporting Files */ = {
			isa = PBXGroup;
			children = (
				9BF54D1A162C228F00DB562D /* HKJSONKitEx-Info.plist */,
				9BF54D1B162C228F00DB562D /* InfoPlist.strings */,
				9BF54D1E162C228F00DB562D /* main.m */,
				9BF54D20162C228F00DB562D /* HKJSONKitEx-Prefix.pch */,
				9BF54D24162C228F00DB562D /* Default.png */,
				9BF54D26162C228F00DB562D /* Default@2x.png */,
				9BF54D28162C228F00DB562D /* Default-568h@2x.png */,
			);
			name = "Supporting Files";
			sourceTree = "<group>";
		};
/* End PBXGroup section */

/* Begin PBXNativeTarget section */
		9BF54D0D162C228F00DB562D /* HKJSONKitEx */ = {
			isa = PBXNativeTarget;
			buildConfigurationList = 9BF54D32162C228F00DB562D /* Build configuration list for PBXNativeTarget "HKJSONKitEx" */;
			buildPhases = (
				9BF54D0A162C228F00DB562D /* Sources */,
				9BF54D0B162C228F00DB562D /* Frameworks */,
				9BF54D0C162C228F00DB562D /* Resources */,
			);
			buildRules = (
			);
			dependencies = (
			);
			name = HKJSONKitEx;
			productName = HKJSONKitEx;
			productReference = 9BF54D0E162C228F00DB562D /* HKJSONKitEx.app */;
			productType = "com.apple.product-type.application";
		};
/* End PBXNativeTarget section */

/* Begin PBXProject section */
		9BF54D05162C228F00DB562D /* Project object */ = {
			isa = PBXProject;
			attributes = {
				CLASSPREFIX = HK;
				LastUpgradeCheck = 0450;
				ORGANIZATIONNAME = huoku;
			};
			buildConfigurationList = 9BF54D08162C228F00DB562D /* Build configuration list for PBXProject "HKJSONKitEx" */;
			compatibilityVersion = "Xcode 3.2";
			developmentRegion = English;
			hasScannedForEncodings = 0;
			knownRegions = (
				en,
			);
			mainGroup = 9BF54D03162C228F00DB562D;
			productRefGroup = 9BF54D0F162C228F00DB562D /* Products */;
			projectDirPath = "";
			projectRoot = "";
			targets = (
				9BF54D0D162C228F00DB562D /* HKJSONKitEx */,
			);
		};
/* End PBXProject section */

/* Begin PBXResourcesBuildPhase section */
		9BF54D0C162C228F00DB562D /* Resources */ = {
			isa = PBXResourcesBuildPhase;
			buildActionMask = 2147483647;
			files = (
				9BF54D1D162C228F00DB562D /* InfoPlist.strings in Resources */,
				9BF54D25162C228F00DB562D /* Default.png in Resources */,
				9BF54D27162C228F00DB562D /* Default@2x.png in Resources */,
				9BF54D29162C228F00DB562D /* Default-568h@2x.png in Resources */,
				9BF54D2F162C228F00DB562D /* HKViewController.xib in Resources */,
				9B202F9F162EB05C002D859C /* json.txt in Resources */,
			);
			runOnlyForDeploymentPostprocessing = 0;
		};
/* End PBXResourcesBuildPhase section */

/* Begin PBXSourcesBuildPhase section */
		9BF54D0A162C228F00DB562D /* Sources */ = {
			isa = PBXSourcesBuildPhase;
			buildActionMask = 2147483647;
			files = (
				9BF54D1F162C228F00DB562D /* main.m in Sources */,
				9BF54D23162C228F00DB562D /* HKAppDelegate.m in Sources */,
				9BF54D2C162C228F00DB562D /* HKViewController.m in Sources */,
				9BF54D37162C23F400DB562D /* HKJSONEx.m in Sources */,
				9B202FA3162EB0F7002D859C /* HKRestaurant.m in Sources */,
				9B202FA6162EB12A002D859C /* HKFoodCat.m in Sources */,
				9B202FA9162EB138002D859C /* HKFood.m in Sources */,
				9B202FAC162EB14D002D859C /* HKRestaurantMenu.m in Sources */,
				9B202FAF162EB15C002D859C /* HKFoodPrice.m in Sources */,
				9B202FB7162EC411002D859C /* JSONKit.m in Sources */,
				9B202FBA162EE09B002D859C /* HKJsonTest.m in Sources */,
				9BDCD41B162FA55F0038C05F /* HKObj.m in Sources */,
			);
			runOnlyForDeploymentPostprocessing = 0;
		};
/* End PBXSourcesBuildPhase section */

/* Begin PBXVariantGroup section */
		9BF54D1B162C228F00DB562D /* InfoPlist.strings */ = {
			isa = PBXVariantGroup;
			children = (
				9BF54D1C162C228F00DB562D /* en */,
			);
			name = InfoPlist.strings;
			sourceTree = "<group>";
		};
		9BF54D2D162C228F00DB562D /* HKViewController.xib */ = {
			isa = PBXVariantGroup;
			children = (
				9BF54D2E162C228F00DB562D /* en */,
			);
			name = HKViewController.xib;
			sourceTree = "<group>";
		};
/* End PBXVariantGroup section */

/* Begin XCBuildConfiguration section */
		9BF54D30162C228F00DB562D /* Debug */ = {
			isa = XCBuildConfiguration;
			buildSettings = {
				ALWAYS_SEARCH_USER_PATHS = NO;
				CLANG_CXX_LANGUAGE_STANDARD = "gnu++0x";
				CLANG_CXX_LIBRARY = "libc++";
				CLANG_ENABLE_OBJC_ARC = YES;
				CLANG_WARN_EMPTY_BODY = YES;
				CLANG_WARN__DUPLICATE_METHOD_MATCH = YES;
				"CODE_SIGN_IDENTITY[sdk=iphoneos*]" = "iPhone Developer";
				COPY_PHASE_STRIP = NO;
				GCC_C_LANGUAGE_STANDARD = gnu99;
				GCC_DYNAMIC_NO_PIC = NO;
				GCC_OPTIMIZATION_LEVEL = 0;
				GCC_PREPROCESSOR_DEFINITIONS = (
					"DEBUG=1",
					"$(inherited)",
				);
				GCC_SYMBOLS_PRIVATE_EXTERN = NO;
				GCC_WARN_ABOUT_RETURN_TYPE = YES;
				GCC_WARN_UNINITIALIZED_AUTOS = YES;
				GCC_WARN_UNUSED_VARIABLE = YES;
				IPHONEOS_DEPLOYMENT_TARGET = 6.0;
				SDKROOT = iphoneos;
			};
			name = Debug;
		};
		9BF54D31162C228F00DB562D /* Release */ = {
			isa = XCBuildConfiguration;
			buildSettings = {
				ALWAYS_SEARCH_USER_PATHS = NO;
				CLANG_CXX_LANGUAGE_STANDARD = "gnu++0x";
				CLANG_CXX_LIBRARY = "libc++";
				CLANG_ENABLE_OBJC_ARC = YES;
				CLANG_WARN_EMPTY_BODY = YES;
				CLANG_WARN__DUPLICATE_METHOD_MATCH = YES;
				"CODE_SIGN_IDENTITY[sdk=iphoneos*]" = "iPhone Developer";
				COPY_PHASE_STRIP = YES;
				GCC_C_LANGUAGE_STANDARD = gnu99;
				GCC_WARN_ABOUT_RETURN_TYPE = YES;
				GCC_WARN_UNINITIALIZED_AUTOS = YES;
				GCC_WARN_UNUSED_VARIABLE = YES;
				IPHONEOS_DEPLOYMENT_TARGET = 6.0;
				OTHER_CFLAGS = "-DNS_BLOCK_ASSERTIONS=1";
				SDKROOT = iphoneos;
				VALIDATE_PRODUCT = YES;
			};
			name = Release;
		};
		9BF54D33162C228F00DB562D /* Debug */ = {
			isa = XCBuildConfiguration;
			buildSettings = {
				GCC_PRECOMPILE_PREFIX_HEADER = YES;
				GCC_PREFIX_HEADER = "HKJSONKitEx/HKJSONKitEx-Prefix.pch";
				INFOPLIST_FILE = "HKJSONKitEx/HKJSONKitEx-Info.plist";
				PRODUCT_NAME = "$(TARGET_NAME)";
				WRAPPER_EXTENSION = app;
			};
			name = Debug;
		};
		9BF54D34162C228F00DB562D /* Release */ = {
			isa = XCBuildConfiguration;
			buildSettings = {
				GCC_PRECOMPILE_PREFIX_HEADER = YES;
				GCC_PREFIX_HEADER = "HKJSONKitEx/HKJSONKitEx-Prefix.pch";
				INFOPLIST_FILE = "HKJSONKitEx/HKJSONKitEx-Info.plist";
				PRODUCT_NAME = "$(TARGET_NAME)";
				WRAPPER_EXTENSION = app;
			};
			name = Release;
		};
/* End XCBuildConfiguration section */

/* Begin XCConfigurationList section */
		9BF54D08162C228F00DB562D /* Build configuration list for PBXProject "HKJSONKitEx" */ = {
			isa = XCConfigurationList;
			buildConfigurations = (
				9BF54D30162C228F00DB562D /* Debug */,
				9BF54D31162C228F00DB562D /* Release */,
			);
			defaultConfigurationIsVisible = 0;
			defaultConfigurationName = Release;
		};
		9BF54D32162C228F00DB562D /* Build configuration list for PBXNativeTarget "HKJSONKitEx" */ = {
			isa = XCConfigurationList;
			buildConfigurations = (
				9BF54D33162C228F00DB562D /* Debug */,
				9BF54D34162C228F00DB562D /* Release */,
			);
			defaultConfigurationIsVisible = 0;
			defaultConfigurationName = Release;
		};
/* End XCConfigurationList section */
	};
	rootObject = 9BF54D05162C228F00DB562D /* Project object */;
}
